
Microsoft Visual Studio Solution File, Format Version 12.00
# Visual Studio Version 17
VisualStudioVersion = 17.5.002.0
MinimumVisualStudioVersion = 10.0.40219.1
Project("{9A19103F-16F7-4668-BE54-9A1E7A4F7556}") = "Modul295PraxisArbeit", "Modul295PraxisArbeit\Modul295PraxisArbeit.csproj", "{29C6A386-623D-4748-A7D8-83BCF71D9EA4}"
EndProject
Global
	GlobalSection(SolutionConfigurationPlatforms) = preSolution
		Debug|Any CPU = Debug|Any CPU
		Release|Any CPU = Release|Any CPU
	EndGlobalSection
	GlobalSection(ProjectConfigurationPlatforms) = postSolution
		{29C6A386-623D-4748-A7D8-83BCF71D9EA4}.Debug|Any CPU.ActiveCfg = Debug|Any CPU
		{29C6A386-623D-4748-A7D8-83BCF71D9EA4}.Debug|Any CPU.Build.0 = Debug|Any CPU
		{29C6A386-623D-4748-A7D8-83BCF71D9EA4}.Release|Any CPU.ActiveCfg = Release|Any CPU
		{29C6A386-623D-4748-A7D8-83BCF71D9EA4}.Release|Any CPU.Build.0 = Release|Any CPU
	EndGlobalSection
	GlobalSection(SolutionProperties) = preSolution
		HideSolutionNode = FALSE
	EndGlobalSection
	GlobalSection(ExtensibilityGlobals) = postSolution
		SolutionGuid = {54858B7A-7675-4C6E-8D0A-96025DC44E7D}
	EndGlobalSection
EndGlobal
